PODS:
  - GoogleMaps (4.1.0):
    - GoogleMaps/Maps (= 4.1.0)
  - GoogleMaps/Base (4.1.0)
  - GoogleMaps/Maps (4.1.0):
    - GoogleMaps/Base
  - GooglePlaces (4.1.0):
    - GoogleMaps/Base (= 4.1.0)
  - OpalImagePicker (3.0.0)

DEPENDENCIES:
  - GoogleMaps (= 4.1.0)
  - GooglePlaces (= 4.1.0)
  - OpalImagePicker

SPEC REPOS:
  trunk:
    - GoogleMaps
    - GooglePlaces
    - OpalImagePicker

SPEC CHECKSUMS:
  GoogleMaps: 008e2c80e38605b56b560e8deb73d4194ff30bef
  GooglePlaces: a058b776259c13e1323c9ff135549cb1b13ad8e7
  OpalImagePicker: 38e772dd93a54431fc516b33e1f337c50f745834

PODFILE CHECKSUM: d4e74bb40e548941a79eaec41481dcedb0bb9e92

COCOAPODS: 1.11.2
